{
  "nodes": {
    "darwin": {
      "inputs": {
        "nixpkgs": [
          "nixpkgs"
        ]
      },
      "locked": {
        "lastModified": 1713946171,
        "narHash": "sha256-lc75rgRQLdp4Dzogv5cfqOg6qYc5Rp83oedF2t0kDp8=",
        "owner": "lnl7",
        "repo": "nix-darwin",
        "rev": "230a197063de9287128e2c68a7a4b0cd7d0b50a7",
        "type": "github"
      },
      "original": {
        "owner": "lnl7",
        "ref": "master",
        "repo": "nix-darwin",
        "type": "github"
      }
    },
    "flake-compat": {
      "flake": false,
      "locked": {
        "lastModified": 1688025799,
        "narHash": "sha256-ktpB4dRtnksm9F5WawoIkEneh1nrEvuxb5lJFt1iOyw=",
        "owner": "nix-community",
        "repo": "flake-compat",
        "rev": "8bf105319d44f6b9f0d764efa4fdef9f1cc9ba1c",
        "type": "github"
      },
      "original": {
        "owner": "nix-community",
        "repo": "flake-compat",
        "type": "github"
      }
    },
    "hardware": {
      "locked": {
        "lastModified": 1713864415,
        "narHash": "sha256-/BPDMJEkrsFAFOsQWhwm31wezlgshPFlLBn34KEUdVA=",
        "owner": "nixos",
        "repo": "nixos-hardware",
        "rev": "797f8d8082c7cc3259cba7275c699d4991b09ecc",
        "type": "github"
      },
      "original": {
        "owner": "nixos",
        "repo": "nixos-hardware",
        "type": "github"
      }
    },
    "home-manager": {
      "inputs": {
        "nixpkgs": [
          "nixpkgs"
        ]
      },
      "locked": {
        "lastModified": 1713906585,
        "narHash": "sha256-fv84DCOkBtjF6wMATt0rfovu7e95L8rdEkSfNbwKR3U=",
        "owner": "nix-community",
        "repo": "home-manager",
        "rev": "bfa7c06436771e3a0c666ccc6ee01e815d4c33aa",
        "type": "github"
      },
      "original": {
        "owner": "nix-community",
        "repo": "home-manager",
        "type": "github"
      }
    },
    "nixos-cosmic": {
      "inputs": {
        "flake-compat": "flake-compat",
        "nixpkgs": [
          "nixpkgs"
        ]
      },
      "locked": {
        "lastModified": 1713838558,
        "narHash": "sha256-X+zHtAxW8gk2oMKyQeHukAr9YPb5Wn3U36A+sbSnC94=",
        "owner": "lilyinstarlight",
        "repo": "nixos-cosmic",
        "rev": "f09f8fbb1b97efdb32f8711e37a31266c04a264f",
        "type": "github"
      },
      "original": {
        "owner": "lilyinstarlight",
        "repo": "nixos-cosmic",
        "type": "github"
      }
    },
    "nixpkgs": {
      "locked": {
        "lastModified": 1713714899,
        "narHash": "sha256-+z/XjO3QJs5rLE5UOf015gdVauVRQd2vZtsFkaXBq2Y=",
        "owner": "nixos",
        "repo": "nixpkgs",
        "rev": "6143fc5eeb9c4f00163267708e26191d1e918932",
        "type": "github"
      },
      "original": {
        "owner": "nixos",
        "ref": "nixos-unstable",
        "repo": "nixpkgs",
        "type": "github"
      }
    },
    "nixpkgs-stable": {
      "locked": {
        "lastModified": 1713828541,
        "narHash": "sha256-KtvQeE12MSkCOhvVmnmcZCjnx7t31zWin2XVSDOwBDE=",
        "owner": "nixos",
        "repo": "nixpkgs",
        "rev": "b500489fd3cf653eafc075f9362423ad5cdd8676",
        "type": "github"
      },
      "original": {
        "owner": "nixos",
        "ref": "nixos-23.11",
        "repo": "nixpkgs",
        "type": "github"
      }
    },
    "root": {
      "inputs": {
        "darwin": "darwin",
        "hardware": "hardware",
        "home-manager": "home-manager",
        "nixos-cosmic": "nixos-cosmic",
        "nixpkgs": "nixpkgs",
        "nixpkgs-stable": "nixpkgs-stable"
      }
    }
  },
  "root": "root",
  "version": 7
}
