{
  "nodes": {
    "darwin": {
      "inputs": {
        "nixpkgs": [
          "nixpkgs"
        ]
      },
      "locked": {
        "lastModified": 1709554374,
        "narHash": "sha256-1yYgwxBzia+QrOaQaZ6YKqGFfiQcSBwYLzd9XRsRLQY=",
        "owner": "lnl7",
        "repo": "nix-darwin",
        "rev": "daa03606dfb5296a22e842acb02b46c1c4e9f5e7",
        "type": "github"
      },
      "original": {
        "owner": "lnl7",
        "ref": "master",
        "repo": "nix-darwin",
        "type": "github"
      }
    },
    "flake-compat": {
      "flake": false,
      "locked": {
        "lastModified": 1688025799,
        "narHash": "sha256-ktpB4dRtnksm9F5WawoIkEneh1nrEvuxb5lJFt1iOyw=",
        "owner": "nix-community",
        "repo": "flake-compat",
        "rev": "8bf105319d44f6b9f0d764efa4fdef9f1cc9ba1c",
        "type": "github"
      },
      "original": {
        "owner": "nix-community",
        "repo": "flake-compat",
        "type": "github"
      }
    },
    "flake-parts": {
      "inputs": {
        "nixpkgs-lib": [
          "nixos-cosmic",
          "nix-update",
          "nixpkgs"
        ]
      },
      "locked": {
        "lastModified": 1698882062,
        "narHash": "sha256-HkhafUayIqxXyHH1X8d9RDl1M2CkFgZLjKD3MzabiEo=",
        "owner": "hercules-ci",
        "repo": "flake-parts",
        "rev": "8c9fa2545007b49a5db5f650ae91f227672c3877",
        "type": "github"
      },
      "original": {
        "owner": "hercules-ci",
        "repo": "flake-parts",
        "type": "github"
      }
    },
    "hardware": {
      "locked": {
        "lastModified": 1709410583,
        "narHash": "sha256-esOSUoQ7mblwcsSea0K17McZuwAIjoS6dq/4b83+lvw=",
        "owner": "nixos",
        "repo": "nixos-hardware",
        "rev": "59e37017b9ed31dee303dbbd4531c594df95cfbc",
        "type": "github"
      },
      "original": {
        "owner": "nixos",
        "repo": "nixos-hardware",
        "type": "github"
      }
    },
    "home-manager": {
      "inputs": {
        "nixpkgs": [
          "nixpkgs"
        ]
      },
      "locked": {
        "lastModified": 1709677162,
        "narHash": "sha256-nIXa0KM3FOVjD3XDDigW12qktQvLG+uKuPg00rjIX/8=",
        "owner": "nix-community",
        "repo": "home-manager",
        "rev": "bdea159ffab9865f808b8d92fd2bef33521867b2",
        "type": "github"
      },
      "original": {
        "owner": "nix-community",
        "repo": "home-manager",
        "type": "github"
      }
    },
    "nix-update": {
      "inputs": {
        "flake-parts": "flake-parts",
        "nixpkgs": [
          "nixos-cosmic",
          "nixpkgs"
        ],
        "treefmt-nix": "treefmt-nix"
      },
      "locked": {
        "lastModified": 1709162968,
        "narHash": "sha256-bloD2Q4BLH04G2PJnJoE+AFXw9QAzdLWQsb93/LseVc=",
        "owner": "lilyinstarlight",
        "repo": "nix-update",
        "rev": "98e110fcfa49a4245250b1c903cb54f32f8dd3ad",
        "type": "github"
      },
      "original": {
        "owner": "lilyinstarlight",
        "ref": "tmp/fixed",
        "repo": "nix-update",
        "type": "github"
      }
    },
    "nixos-cosmic": {
      "inputs": {
        "flake-compat": "flake-compat",
        "nix-update": "nix-update",
        "nixpkgs": [
          "nixpkgs"
        ]
      },
      "locked": {
        "lastModified": 1709686554,
        "narHash": "sha256-AK0D3yLKZw8Yq5rroQT6JT067T0EgNdC0U4Vt5oDNss=",
        "owner": "lilyinstarlight",
        "repo": "nixos-cosmic",
        "rev": "5dfad4f00b37ab0a96e4155b23c8cd3e27ff450f",
        "type": "github"
      },
      "original": {
        "owner": "lilyinstarlight",
        "repo": "nixos-cosmic",
        "type": "github"
      }
    },
    "nixpkgs": {
      "locked": {
        "lastModified": 1709479366,
        "narHash": "sha256-n6F0n8UV6lnTZbYPl1A9q1BS0p4hduAv1mGAP17CVd0=",
        "owner": "nixos",
        "repo": "nixpkgs",
        "rev": "b8697e57f10292a6165a20f03d2f42920dfaf973",
        "type": "github"
      },
      "original": {
        "owner": "nixos",
        "ref": "nixos-unstable",
        "repo": "nixpkgs",
        "type": "github"
      }
    },
    "nixpkgs-stable": {
      "locked": {
        "lastModified": 1709569716,
        "narHash": "sha256-iOR44RU4jQ+YPGrn+uQeYAp7Xo7Z/+gT+wXJoGxxLTY=",
        "owner": "nixos",
        "repo": "nixpkgs",
        "rev": "617579a787259b9a6419492eaac670a5f7663917",
        "type": "github"
      },
      "original": {
        "owner": "nixos",
        "ref": "nixos-23.11",
        "repo": "nixpkgs",
        "type": "github"
      }
    },
    "root": {
      "inputs": {
        "darwin": "darwin",
        "hardware": "hardware",
        "home-manager": "home-manager",
        "nixos-cosmic": "nixos-cosmic",
        "nixpkgs": "nixpkgs",
        "nixpkgs-stable": "nixpkgs-stable"
      }
    },
    "treefmt-nix": {
      "inputs": {
        "nixpkgs": [
          "nixos-cosmic",
          "nix-update",
          "nixpkgs"
        ]
      },
      "locked": {
        "lastModified": 1698438538,
        "narHash": "sha256-AWxaKTDL3MtxaVTVU5lYBvSnlspOS0Fjt8GxBgnU0Do=",
        "owner": "numtide",
        "repo": "treefmt-nix",
        "rev": "5deb8dc125a9f83b65ca86cf0c8167c46593e0b1",
        "type": "github"
      },
      "original": {
        "owner": "numtide",
        "repo": "treefmt-nix",
        "type": "github"
      }
    }
  },
  "root": "root",
  "version": 7
}
